
Microsoft Visual Studio Solution File, Format Version 12.00
# Visual Studio Version 17
VisualStudioVersion = 17.3.32901.215
MinimumVisualStudioVersion = 10.0.40219.1
Project("{9A19103F-16F7-4668-BE54-9A1E7A4F7556}") = "SimplePDF.NET", "SimplePDF.NET\SimplePDF.NET.csproj", "{908F4422-A78F-4CF3-BD7C-0C35A31FD5F9}"
EndProject
Project("{2150E333-8FDC-42A3-9474-1A3956D46DE8}") = "Solution Items", "Solution Items", "{F36FEA0F-EF8E-4958-A84B-4042E49EE416}"
	ProjectSection(SolutionItems) = preProject
		Resources\Developing with PDF Dive Into the Portable Document Format (Leonard Rosenthol) (z-lib.org).pdf = Resources\Developing with PDF Dive Into the Portable Document Format (Leonard Rosenthol) (z-lib.org).pdf
		Resources\PDF Explained The ISO Standard for Document Exchange (John Whitington) (z-lib.org).pdf = Resources\PDF Explained The ISO Standard for Document Exchange (John Whitington) (z-lib.org).pdf
		Resources\PDF Reference Version 1.7 (Adobe Systems Inc.) (z-lib.org).pdf = Resources\PDF Reference Version 1.7 (Adobe Systems Inc.) (z-lib.org).pdf
	EndProjectSection
EndProject
Global
	GlobalSection(SolutionConfigurationPlatforms) = preSolution
		Debug|Any CPU = Debug|Any CPU
		Release|Any CPU = Release|Any CPU
	EndGlobalSection
	GlobalSection(ProjectConfigurationPlatforms) = postSolution
		{908F4422-A78F-4CF3-BD7C-0C35A31FD5F9}.Debug|Any CPU.ActiveCfg = Debug|Any CPU
		{908F4422-A78F-4CF3-BD7C-0C35A31FD5F9}.Debug|Any CPU.Build.0 = Debug|Any CPU
		{908F4422-A78F-4CF3-BD7C-0C35A31FD5F9}.Release|Any CPU.ActiveCfg = Release|Any CPU
		{908F4422-A78F-4CF3-BD7C-0C35A31FD5F9}.Release|Any CPU.Build.0 = Release|Any CPU
	EndGlobalSection
	GlobalSection(SolutionProperties) = preSolution
		HideSolutionNode = FALSE
	EndGlobalSection
	GlobalSection(ExtensibilityGlobals) = postSolution
		SolutionGuid = {BFC25963-E609-4D2E-8BA9-C1B2F41B6B19}
	EndGlobalSection
EndGlobal
